
Microsoft Visual Studio Solution File, Format Version 12.00
# Visual Studio Version 17
VisualStudioVersion = 17.3.32901.215
MinimumVisualStudioVersion = 10.0.40219.1
Project("{FAE04EC0-301F-11D3-BF4B-00C04F79EFBC}") = "ogerenciListe", "ogerenciListe\ogerenciListe.csproj", "{1504F449-1E11-48B8-A2FC-D52CAF26CEB4}"
EndProject
Global
	GlobalSection(SolutionConfigurationPlatforms) = preSolution
		Debug|Any CPU = Debug|Any CPU
		Release|Any CPU = Release|Any CPU
	EndGlobalSection
	GlobalSection(ProjectConfigurationPlatforms) = postSolution
		{1504F449-1E11-48B8-A2FC-D52CAF26CEB4}.Debug|Any CPU.ActiveCfg = Debug|Any CPU
		{1504F449-1E11-48B8-A2FC-D52CAF26CEB4}.Debug|Any CPU.Build.0 = Debug|Any CPU
		{1504F449-1E11-48B8-A2FC-D52CAF26CEB4}.Release|Any CPU.ActiveCfg = Release|Any CPU
		{1504F449-1E11-48B8-A2FC-D52CAF26CEB4}.Release|Any CPU.Build.0 = Release|Any CPU
	EndGlobalSection
	GlobalSection(SolutionProperties) = preSolution
		HideSolutionNode = FALSE
	EndGlobalSection
	GlobalSection(ExtensibilityGlobals) = postSolution
		SolutionGuid = {31AB875B-809C-497C-9597-8A8069413CE4}
	EndGlobalSection
EndGlobal
